
Microsoft Visual Studio Solution File, Format Version 12.00
# Visual Studio Version 16
VisualStudioVersion = 16.0.810.14
MinimumVisualStudioVersion = 10.0.40219.1
Project("{FAE04EC0-301F-11D3-BF4B-00C04F79EFBC}") = "Stajilan", "Stajilan\Stajilan.csproj", "{4F1EC528-D084-4EC3-A616-54E7FD2702A9}"
EndProject
Global
	GlobalSection(SolutionConfigurationPlatforms) = preSolution
		Debug|Any CPU = Debug|Any CPU
		Release|Any CPU = Release|Any CPU
	EndGlobalSection
	GlobalSection(ProjectConfigurationPlatforms) = postSolution
		{4F1EC528-D084-4EC3-A616-54E7FD2702A9}.Debug|Any CPU.ActiveCfg = Debug|Any CPU
		{4F1EC528-D084-4EC3-A616-54E7FD2702A9}.Debug|Any CPU.Build.0 = Debug|Any CPU
		{4F1EC528-D084-4EC3-A616-54E7FD2702A9}.Release|Any CPU.ActiveCfg = Release|Any CPU
		{4F1EC528-D084-4EC3-A616-54E7FD2702A9}.Release|Any CPU.Build.0 = Release|Any CPU
	EndGlobalSection
	GlobalSection(SolutionProperties) = preSolution
		HideSolutionNode = FALSE
	EndGlobalSection
	GlobalSection(ExtensibilityGlobals) = postSolution
		SolutionGuid = {A094EEB2-E205-4FF9-95F6-677111E5597A}
	EndGlobalSection
EndGlobal
